// !$*UTF8*$!
{
	archiveVersion = 1;
	classes = {
	};
	objectVersion = 77;
	objects = {

/* Begin PBXContainerItemProxy section */
		29A0C6102ECBB1E1001874C1 /* PBXContainerItemProxy */ = {
			isa = PBXContainerItemProxy;
			containerPortal = 29A0C5F12ECBB1DF001874C1 /* Project object */;
			proxyType = 1;
			remoteGlobalIDString = 29A0C5F82ECBB1DF001874C1;
			remoteInfo = FitQuest;
		};
		29A0C61A2ECBB1E1001874C1 /* PBXContainerItemProxy */ = {
			isa = PBXContainerItemProxy;
			containerPortal = 29A0C5F12ECBB1DF001874C1 /* Project object */;
			proxyType = 1;
			remoteGlobalIDString = 29A0C5F82ECBB1DF001874C1;
			remoteInfo = FitQuest;
		};
/* End PBXContainerItemProxy section */

/* Begin PBXFileReference section */
		29A0C5F92ECBB1DF001874C1 /* FitQuest.app */ = {isa = PBXFileReference; explicitFileType = wrapper.application; includeInIndex = 0; path = FitQuest.app; sourceTree = BUILT_PRODUCTS_DIR; };
		29A0C60F2ECBB1E1001874C1 /* FitQuestTests.xctest */ = {isa = PBXFileReference; explicitFileType = wrapper.cfbundle; includeInIndex = 0; path = FitQuestTests.xctest; sourceTree = BUILT_PRODUCTS_DIR; };
		29A0C6192ECBB1E1001874C1 /* FitQuestUITests.xctest */ = {isa = PBXFileReference; explicitFileType = wrapper.cfbundle; includeInIndex = 0; path = FitQuestUITests.xctest; sourceTree = BUILT_PRODUCTS_DIR; };
/* End PBXFileReference section */

/* Begin PBXFileSystemSynchronizedBuildFileExceptionSet section */
		29A0C6212ECBB1E1001874C1 /* Exceptions for "FitQuest" folder in "FitQuest" target */ = {
			isa = PBXFileSystemSynchronizedBuildFileExceptionSet;
			membershipExceptions = (
				Info.plist,
			);
			target = 29A0C5F82ECBB1DF001874C1 /* FitQuest */;
		};
/* End PBXFileSystemSynchronizedBuildFileExceptionSet section */

/* Begin PBXFileSystemSynchronizedRootGroup section */
		29A0C5FB2ECBB1DF001874C1 /* FitQuest */ = {
			isa = PBXFileSystemSynchronizedRootGroup;
			exceptions = (
				29A0C6212ECBB1E1001874C1 /* Exceptions for "FitQuest" folder in "FitQuest" target */,
			);
			path = FitQuest;
			sourceTree = "<group>";
		};
		29A0C6122ECBB1E1001874C1 /* FitQuestTests */ = {
			isa = PBXFileSystemSynchronizedRootGroup;
			path = FitQuestTests;
			sourceTree = "<group>";
		};
		29A0C61C2ECBB1E1001874C1 /* FitQuestUITests */ = {
			isa = PBXFileSystemSynchronizedRootGroup;
			path = FitQuestUITests;
			sourceTree = "<group>";
		};
/* End PBXFileSystemSynchronizedRootGroup section */

/* Begin PBXFrameworksBuildPhase section */
		29A0C5F62ECBB1DF001874C1 /* Frameworks */ = {
			isa = PBXFrameworksBuildPhase;
			buildActionMask = 2147483647;
			files = (
			);
			runOnlyForDeploymentPostprocessing = 0;
		};
		29A0C60C2ECBB1E1001874C1 /* Frameworks */ = {
			isa = PBXFrameworksBuildPhase;
			buildActionMask = 2147483647;
			files = (
			);
			runOnlyForDeploymentPostprocessing = 0;
		};
		29A0C6162ECBB1E1001874C1 /* Frameworks */ = {
			isa = PBXFrameworksBuildPhase;
			buildActionMask = 2147483647;
			files = (
			);
			runOnlyForDeploymentPostprocessing = 0;
		};
/* End PBXFrameworksBuildPhase section */

/* Begin PBXGroup section */
		29A0C5F02ECBB1DF001874C1 = {
			isa = PBXGroup;
			children = (
				29A0C5FB2ECBB1DF001874C1 /* FitQuest */,
				29A0C6122ECBB1E1001874C1 /* FitQuestTests */,
				29A0C61C2ECBB1E1001874C1 /* FitQuestUITests */,
				29A0C5FA2ECBB1DF001874C1 /* Products */,
			);
			sourceTree = "<group>";
		};
		29A0C5FA2ECBB1DF001874C1 /* Products */ = {
			isa = PBXGroup;
			children = (
				29A0C5F92ECBB1DF001874C1 /* FitQuest.app */,
				29A0C60F2ECBB1E1001874C1 /* FitQuestTests.xctest */,
				29A0C6192ECBB1E1001874C1 /* FitQuestUITests.xctest */,
			);
			name = Products;
			sourceTree = "<group>";
		};
/* End PBXGroup section */

/* Begin PBXNativeTarget section */
		29A0C5F82ECBB1DF001874C1 /* FitQuest */ = {
			isa = PBXNativeTarget;
			buildConfigurationList = 29A0C6222ECBB1E1001874C1 /* Build configuration list for PBXNativeTarget "FitQuest" */;
			buildPhases = (
				29A0C5F52ECBB1DF001874C1 /* Sources */,
				29A0C5F62ECBB1DF001874C1 /* Frameworks */,
				29A0C5F72ECBB1DF001874C1 /* Resources */,
			);
			buildRules = (
			);
			dependencies = (
			);
			fileSystemSynchronizedGroups = (
				29A0C5FB2ECBB1DF001874C1 /* FitQuest */,
			);
			name = FitQuest;
			packageProductDependencies = (
			);
			productName = FitQuest;
			productReference = 29A0C5F92ECBB1DF001874C1 /* FitQuest.app */;
			productType = "com.apple.product-type.application";
		};
		29A0C60E2ECBB1E1001874C1 /* FitQuestTests */ = {
			isa = PBXNativeTarget;
			buildConfigurationList = 29A0C6272ECBB1E1001874C1 /* Build configuration list for PBXNativeTarget "FitQuestTests" */;
			buildPhases = (
				29A0C60B2ECBB1E1001874C1 /* Sources */,
				29A0C60C2ECBB1E1001874C1 /* Frameworks */,
				29A0C60D2ECBB1E1001874C1 /* Resources */,
			);
			buildRules = (
			);
			dependencies = (
				29A0C6112ECBB1E1001874C1 /* PBXTargetDependency */,
			);
			fileSystemSynchronizedGroups = (
				29A0C6122ECBB1E1001874C1 /* FitQuestTests */,
			);
			name = FitQuestTests;
			packageProductDependencies = (
			);
			productName = FitQuestTests;
			productReference = 29A0C60F2ECBB1E1001874C1 /* FitQuestTests.xctest */;
			productType = "com.apple.product-type.bundle.unit-test";
		};
		29A0C6182ECBB1E1001874C1 /* FitQuestUITests */ = {
			isa = PBXNativeTarget;
			buildConfigurationList = 29A0C62A2ECBB1E1001874C1 /* Build configuration list for PBXNativeTarget "FitQuestUITests" */;
			buildPhases = (
				29A0C6152ECBB1E1001874C1 /* Sources */,
				29A0C6162ECBB1E1001874C1 /* Frameworks */,
				29A0C6172ECBB1E1001874C1 /* Resources */,
			);
			buildRules = (
			);
			dependencies = (
				29A0C61B2ECBB1E1001874C1 /* PBXTargetDependency */,
			);
			fileSystemSynchronizedGroups = (
				29A0C61C2ECBB1E1001874C1 /* FitQuestUITests */,
			);
			name = FitQuestUITests;
			packageProductDependencies = (
			);
			productName = FitQuestUITests;
			productReference = 29A0C6192ECBB1E1001874C1 /* FitQuestUITests.xctest */;
			productType = "com.apple.product-type.bundle.ui-testing";
		};
/* End PBXNativeTarget section */

/* Begin PBXProject section */
		29A0C5F12ECBB1DF001874C1 /* Project object */ = {
			isa = PBXProject;
			attributes = {
				BuildIndependentTargetsInParallel = 1;
				LastSwiftUpdateCheck = 1640;
				LastUpgradeCheck = 1640;
				TargetAttributes = {
					29A0C5F82ECBB1DF001874C1 = {
						CreatedOnToolsVersion = 16.4;
					};
					29A0C60E2ECBB1E1001874C1 = {
						CreatedOnToolsVersion = 16.4;
						TestTargetID = 29A0C5F82ECBB1DF001874C1;
					};
					29A0C6182ECBB1E1001874C1 = {
						CreatedOnToolsVersion = 16.4;
						TestTargetID = 29A0C5F82ECBB1DF001874C1;
					};
				};
			};
			buildConfigurationList = 29A0C5F42ECBB1DF001874C1 /* Build configuration list for PBXProject "FitQuest" */;
			developmentRegion = en;
			hasScannedForEncodings = 0;
			knownRegions = (
				en,
				Base,
			);
			mainGroup = 29A0C5F02ECBB1DF001874C1;
			minimizedProjectReferenceProxies = 1;
			preferredProjectObjectVersion = 77;
			productRefGroup = 29A0C5FA2ECBB1DF001874C1 /* Products */;
			projectDirPath = "";
			projectRoot = "";
			targets = (
				29A0C5F82ECBB1DF001874C1 /* FitQuest */,
				29A0C60E2ECBB1E1001874C1 /* FitQuestTests */,
				29A0C6182ECBB1E1001874C1 /* FitQuestUITests */,
			);
		};
/* End PBXProject section */

/* Begin PBXResourcesBuildPhase section */
		29A0C5F72ECBB1DF001874C1 /* Resources */ = {
			isa = PBXResourcesBuildPhase;
			buildActionMask = 2147483647;
			files = (
			);
			runOnlyForDeploymentPostprocessing = 0;
		};
		29A0C60D2ECBB1E1001874C1 /* Resources */ = {
			isa = PBXResourcesBuildPhase;
			buildActionMask = 2147483647;
			files = (
			);
			runOnlyForDeploymentPostprocessing = 0;
		};
		29A0C6172ECBB1E1001874C1 /* Resources */ = {
			isa = PBXResourcesBuildPhase;
			buildActionMask = 2147483647;
			files = (
			);
			runOnlyForDeploymentPostprocessing = 0;
		};
/* End PBXResourcesBuildPhase section */

/* Begin PBXSourcesBuildPhase section */
		29A0C5F52ECBB1DF001874C1 /* Sources */ = {
			isa = PBXSourcesBuildPhase;
			buildActionMask = 2147483647;
			files = (
			);
			runOnlyForDeploymentPostprocessing = 0;
		};
		29A0C60B2ECBB1E1001874C1 /* Sources */ = {
			isa = PBXSourcesBuildPhase;
			buildActionMask = 2147483647;
			files = (
			);
			runOnlyForDeploymentPostprocessing = 0;
		};
		29A0C6152ECBB1E1001874C1 /* Sources */ = {
			isa = PBXSourcesBuildPhase;
			buildActionMask = 2147483647;
			files = (
			);
			runOnlyForDeploymentPostprocessing = 0;
		};
/* End PBXSourcesBuildPhase section */

/* Begin PBXTargetDependency section */
		29A0C6112ECBB1E1001874C1 /* PBXTargetDependency */ = {
			isa = PBXTargetDependency;
			target = 29A0C5F82ECBB1DF001874C1 /* FitQuest */;
			targetProxy = 29A0C6102ECBB1E1001874C1 /* PBXContainerItemProxy */;
		};
		29A0C61B2ECBB1E1001874C1 /* PBXTargetDependency */ = {
			isa = PBXTargetDependency;
			target = 29A0C5F82ECBB1DF001874C1 /* FitQuest */;
			targetProxy = 29A0C61A2ECBB1E1001874C1 /* PBXContainerItemProxy */;
		};
/* End PBXTargetDependency section */

/* Begin XCBuildConfiguration section */
		29A0C6232ECBB1E1001874C1 /* Debug */ = {
			isa = XCBuildConfiguration;
			buildSettings = {
				ASSETCATALOG_COMPILER_APPICON_NAME = AppIcon;
				ASSETCATALOG_COMPILER_GLOBAL_ACCENT_COLOR_NAME = AccentColor;
				CODE_SIGN_STYLE = Automatic;
				CURRENT_PROJECT_VERSION = 1;
				DEVELOPMENT_TEAM = 76BH5BLS3S;
				GENERATE_INFOPLIST_FILE = YES;
				INFOPLIST_FILE = FitQuest/Info.plist;
				INFOPLIST_KEY_UIApplicationSupportsIndirectInputEvents = YES;
				INFOPLIST_KEY_UILaunchStoryboardName = LaunchScreen;
				INFOPLIST_KEY_UIMainStoryboardFile = Main;
				INFOPLIST_KEY_UISupportedInterfaceOrientations_iPad = "UIInterfaceOrientationPortrait UIInterfaceOrientationPortraitUpsideDown UIInterfaceOrientationLandscapeLeft UIInterfaceOrientationLandscapeRight";
				INFOPLIST_KEY_UISupportedInterfaceOrientations_iPhone = "UIInterfaceOrientationPortrait UIInterfaceOrientationLandscapeLeft UIInterfaceOrientationLandscapeRight";
				IPHONEOS_DEPLOYMENT_TARGET = 18.0;
				LD_RUNPATH_SEARCH_PATHS = (
					"$(inherited)",
					"@executable_path/Frameworks",
				);
				MARKETING_VERSION = 1.0;
				PRODUCT_BUNDLE_IDENTIFIER = com.example.FitQuest;
				PRODUCT_NAME = "$(TARGET_NAME)";
				SWIFT_EMIT_LOC_STRINGS = YES;
				SWIFT_VERSION = 5.0;
				TARGETED_DEVICE_FAMILY = "1,2";
			};
			name = Debug;
		};
		29A0C6242ECBB1E1001874C1 /* Release */ = {
			isa = XCBuildConfiguration;
			buildSettings = {
				ASSETCATALOG_COMPILER_APPICON_NAME = AppIcon;
				ASSETCATALOG_COMPILER_GLOBAL_ACCENT_COLOR_NAME = AccentColor;
				CODE_SIGN_STYLE = Automatic;
				CURRENT_PROJECT_VERSION = 1;
				DEVELOPMENT_TEAM = 76BH5BLS3S;
				GENERATE_INFOPLIST_FILE = YES;
				INFOPLIST_FILE = FitQuest/Info.plist;
				INFOPLIST_KEY_UIApplicationSupportsIndirectInputEvents = YES;
				INFOPLIST_KEY_UILaunchStoryboardName = LaunchScreen;
				INFOPLIST_KEY_UIMainStoryboardFile = Main;
				INFOPLIST_KEY_UISupportedInterfaceOrientations_iPad = "UIInterfaceOrientationPortrait UIInterfaceOrientationPortraitUpsideDown UIInterfaceOrientationLandscapeLeft UIInterfaceOrientationLandscapeRight";
				INFOPLIST_KEY_UISupportedInterfaceOrientations_iPhone = "UIInterfaceOrientationPortrait UIInterfaceOrientationLandscapeLeft UIInterfaceOrientationLandscapeRight";
				IPHONEOS_DEPLOYMENT_TARGET = 18.0;
				LD_RUNPATH_SEARCH_PATHS = (
					"$(inherited)",
					"@executable_path/Frameworks",
				);
				MARKETING_VERSION = 1.0;
				PRODUCT_BUNDLE_IDENTIFIER = com.example.FitQuest;
				PRODUCT_NAME = "$(TARGET_NAME)";
				SWIFT_EMIT_LOC_STRINGS = YES;
				SWIFT_VERSION = 5.0;
				TARGETED_DEVICE_FAMILY = "1,2";
			};
			name = Release;
		};
		29A0C6252ECBB1E1001874C1 /* Debug */ = {
			isa = XCBuildConfiguration;
			buildSettings = {
				ALWAYS_SEARCH_USER_PATHS = NO;
				ASSETCATALOG_COMPILER_GENERATE_SWIFT_ASSET_SYMBOL_EXTENSIONS = YES;
				CLANG_ANALYZER_NONNULL = YES;
				CLANG_ANALYZER_NUMBER_OBJECT_CONVERSION = YES_AGGRESSIVE;
				CLANG_CXX_LANGUAGE_STANDARD = "gnu++20";
				CLANG_ENABLE_MODULES = YES;
				CLANG_ENABLE_OBJC_ARC = YES;
				CLANG_ENABLE_OBJC_WEAK = YES;
				CLANG_WARN_BLOCK_CAPTURE_AUTORELEASING = YES;
				CLANG_WARN_BOOL_CONVERSION = YES;
				CLANG_WARN_COMMA = YES;
				CLANG_WARN_CONSTANT_CONVERSION = YES;
				CLANG_WARN_DEPRECATED_OBJC_IMPLEMENTATIONS = YES;
				CLANG_WARN_DIRECT_OBJC_ISA_USAGE = YES_ERROR;
				CLANG_WARN_DOCUMENTATION_COMMENTS = YES;
				CLANG_WARN_EMPTY_BODY = YES;
				CLANG_WARN_ENUM_CONVERSION = YES;
				CLANG_WARN_INFINITE_RECURSION = YES;
				CLANG_WARN_INT_CONVERSION = YES;
				CLANG_WARN_NON_LITERAL_NULL_CONVERSION = YES;
				CLANG_WARN_OBJC_IMPLICIT_RETAIN_SELF = YES;
				CLANG_WARN_OBJC_LITERAL_CONVERSION = YES;
				CLANG_WARN_OBJC_ROOT_CLASS = YES_ERROR;
				CLANG_WARN_QUOTED_INCLUDE_IN_FRAMEWORK_HEADER = YES;
				CLANG_WARN_RANGE_LOOP_ANALYSIS = YES;
				CLANG_WARN_STRICT_PROTOTYPES = YES;
				CLANG_WARN_SUSPICIOUS_MOVE = YES;
				CLANG_WARN_UNGUARDED_AVAILABILITY = YES_AGGRESSIVE;
				CLANG_WARN_UNREACHABLE_CODE = YES;
				CLANG_WARN__DUPLICATE_METHOD_MATCH = YES;
				COPY_PHASE_STRIP = NO;
				DEBUG_INFORMATION_FORMAT = dwarf;
				DEVELOPMENT_TEAM = 76BH5BLS3S;
				ENABLE_STRICT_OBJC_MSGSEND = YES;
				ENABLE_TESTABILITY = YES;
				ENABLE_USER_SCRIPT_SANDBOXING = YES;
				GCC_C_LANGUAGE_STANDARD = gnu17;
				GCC_DYNAMIC_NO_PIC = NO;
				GCC_NO_COMMON_BLOCKS = YES;
				GCC_OPTIMIZATION_LEVEL = 0;
				GCC_PREPROCESSOR_DEFINITIONS = (
					"DEBUG=1",
					"$(inherited)",
				);
				GCC_WARN_64_TO_32_BIT_CONVERSION = YES;
				GCC_WARN_ABOUT_RETURN_TYPE = YES_ERROR;
				GCC_WARN_UNDECLARED_SELECTOR = YES;
				GCC_WARN_UNINITIALIZED_AUTOS = YES_AGGRESSIVE;
				GCC_WARN_UNUSED_FUNCTION = YES;
				GCC_WARN_UNUSED_VARIABLE = YES;
				IPHONEOS_DEPLOYMENT_TARGET = 18.5;
				LOCALIZATION_PREFERS_STRING_CATALOGS = YES;
				MTL_ENABLE_DEBUG_INFO = INCLUDE_SOURCE;
				MTL_FAST_MATH = YES;
				ONLY_ACTIVE_ARCH = YES;
				SDKROOT = iphoneos;
				SWIFT_ACTIVE_COMPILATION_CONDITIONS = "DEBUG $(inherited)";
				SWIFT_OPTIMIZATION_LEVEL = "-Onone";
			};
			name = Debug;
		};
		29A0C6262ECBB1E1001874C1 /* Release */ = {
			isa = XCBuildConfiguration;
			buildSettings = {
				ALWAYS_SEARCH_USER_PATHS = NO;
				ASSETCATALOG_COMPILER_GENERATE_SWIFT_ASSET_SYMBOL_EXTENSIONS = YES;
				CLANG_ANALYZER_NONNULL = YES;
				CLANG_ANALYZER_NUMBER_OBJECT_CONVERSION = YES_AGGRESSIVE;
				CLANG_CXX_LANGUAGE_STANDARD = "gnu++20";
				CLANG_ENABLE_MODULES = YES;
				CLANG_ENABLE_OBJC_ARC = YES;
				CLANG_ENABLE_OBJC_WEAK = YES;
				CLANG_WARN_BLOCK_CAPTURE_AUTORELEASING = YES;
				CLANG_WARN_BOOL_CONVERSION = YES;
				CLANG_WARN_COMMA = YES;
				CLANG_WARN_CONSTANT_CONVERSION = YES;
				CLANG_WARN_DEPRECATED_OBJC_IMPLEMENTATIONS = YES;
				CLANG_WARN_DIRECT_OBJC_ISA_USAGE = YES_ERROR;
				CLANG_WARN_DOCUMENTATION_COMMENTS = YES;
				CLANG_WARN_EMPTY_BODY = YES;
				CLANG_WARN_ENUM_CONVERSION = YES;
				CLANG_WARN_INFINITE_RECURSION = YES;
				CLANG_WARN_INT_CONVERSION = YES;
				CLANG_WARN_NON_LITERAL_NULL_CONVERSION = YES;
				CLANG_WARN_OBJC_IMPLICIT_RETAIN_SELF = YES;
				CLANG_WARN_OBJC_LITERAL_CONVERSION = YES;
				CLANG_WARN_OBJC_ROOT_CLASS = YES_ERROR;
				CLANG_WARN_QUOTED_INCLUDE_IN_FRAMEWORK_HEADER = YES;
				CLANG_WARN_RANGE_LOOP_ANALYSIS = YES;
				CLANG_WARN_STRICT_PROTOTYPES = YES;
				CLANG_WARN_SUSPICIOUS_MOVE = YES;
				CLANG_WARN_UNGUARDED_AVAILABILITY = YES_AGGRESSIVE;
				CLANG_WARN_UNREACHABLE_CODE = YES;
				CLANG_WARN__DUPLICATE_METHOD_MATCH = YES;
				COPY_PHASE_STRIP = NO;
				DEBUG_INFORMATION_FORMAT = "dwarf-with-dsym";
				DEVELOPMENT_TEAM = 76BH5BLS3S;
				ENABLE_NS_ASSERTIONS = NO;
				ENABLE_STRICT_OBJC_MSGSEND = YES;
				ENABLE_USER_SCRIPT_SANDBOXING = YES;
				GCC_C_LANGUAGE_STANDARD = gnu17;
				GCC_NO_COMMON_BLOCKS = YES;
				GCC_WARN_64_TO_32_BIT_CONVERSION = YES;
				GCC_WARN_ABOUT_RETURN_TYPE = YES_ERROR;
				GCC_WARN_UNDECLARED_SELECTOR = YES;
				GCC_WARN_UNINITIALIZED_AUTOS = YES_AGGRESSIVE;
				GCC_WARN_UNUSED_FUNCTION = YES;
				GCC_WARN_UNUSED_VARIABLE = YES;
				IPHONEOS_DEPLOYMENT_TARGET = 18.5;
				LOCALIZATION_PREFERS_STRING_CATALOGS = YES;
				MTL_ENABLE_DEBUG_INFO = NO;
				MTL_FAST_MATH = YES;
				SDKROOT = iphoneos;
				SWIFT_COMPILATION_MODE = wholemodule;
				VALIDATE_PRODUCT = YES;
			};
			name = Release;
		};
		29A0C6282ECBB1E1001874C1 /* Debug */ = {
			isa = XCBuildConfiguration;
			buildSettings = {
				BUNDLE_LOADER = "$(TEST_HOST)";
				CODE_SIGN_STYLE = Automatic;
				CURRENT_PROJECT_VERSION = 1;
				DEVELOPMENT_TEAM = 76BH5BLS3S;
				GENERATE_INFOPLIST_FILE = YES;
				IPHONEOS_DEPLOYMENT_TARGET = 18.5;
				MARKETING_VERSION = 1.0;
				PRODUCT_BUNDLE_IDENTIFIER = com.example.FitQuestTests;
				PRODUCT_NAME = "$(TARGET_NAME)";
				SWIFT_EMIT_LOC_STRINGS = NO;
				SWIFT_VERSION = 5.0;
				TARGETED_DEVICE_FAMILY = "1,2";
				TEST_HOST = "$(BUILT_PRODUCTS_DIR)/FitQuest.app/$(BUNDLE_EXECUTABLE_FOLDER_PATH)/FitQuest";
			};
			name = Debug;
		};
		29A0C6292ECBB1E1001874C1 /* Release */ = {
			isa = XCBuildConfiguration;
			buildSettings = {
				BUNDLE_LOADER = "$(TEST_HOST)";
				CODE_SIGN_STYLE = Automatic;
				CURRENT_PROJECT_VERSION = 1;
				DEVELOPMENT_TEAM = 76BH5BLS3S;
				GENERATE_INFOPLIST_FILE = YES;
				IPHONEOS_DEPLOYMENT_TARGET = 18.5;
				MARKETING_VERSION = 1.0;
				PRODUCT_BUNDLE_IDENTIFIER = com.example.FitQuestTests;
				PRODUCT_NAME = "$(TARGET_NAME)";
				SWIFT_EMIT_LOC_STRINGS = NO;
				SWIFT_VERSION = 5.0;
				TARGETED_DEVICE_FAMILY = "1,2";
				TEST_HOST = "$(BUILT_PRODUCTS_DIR)/FitQuest.app/$(BUNDLE_EXECUTABLE_FOLDER_PATH)/FitQuest";
			};
			name = Release;
		};
		29A0C62B2ECBB1E1001874C1 /* Debug */ = {
			isa = XCBuildConfiguration;
			buildSettings = {
				CODE_SIGN_STYLE = Automatic;
				CURRENT_PROJECT_VERSION = 1;
				DEVELOPMENT_TEAM = 76BH5BLS3S;
				GENERATE_INFOPLIST_FILE = YES;
				MARKETING_VERSION = 1.0;
				PRODUCT_BUNDLE_IDENTIFIER = com.example.FitQuestUITests;
				PRODUCT_NAME = "$(TARGET_NAME)";
				SWIFT_EMIT_LOC_STRINGS = NO;
				SWIFT_VERSION = 5.0;
				TARGETED_DEVICE_FAMILY = "1,2";
				TEST_TARGET_NAME = FitQuest;
			};
			name = Debug;
		};
		29A0C62C2ECBB1E1001874C1 /* Release */ = {
			isa = XCBuildConfiguration;
			buildSettings = {
				CODE_SIGN_STYLE = Automatic;
				CURRENT_PROJECT_VERSION = 1;
				DEVELOPMENT_TEAM = 76BH5BLS3S;
				GENERATE_INFOPLIST_FILE = YES;
				MARKETING_VERSION = 1.0;
				PRODUCT_BUNDLE_IDENTIFIER = com.example.FitQuestUITests;
				PRODUCT_NAME = "$(TARGET_NAME)";
				SWIFT_EMIT_LOC_STRINGS = NO;
				SWIFT_VERSION = 5.0;
				TARGETED_DEVICE_FAMILY = "1,2";
				TEST_TARGET_NAME = FitQuest;
			};
			name = Release;
		};
/* End XCBuildConfiguration section */

/* Begin XCConfigurationList section */
		29A0C5F42ECBB1DF001874C1 /* Build configuration list for PBXProject "FitQuest" */ = {
			isa = XCConfigurationList;
			buildConfigurations = (
				29A0C6252ECBB1E1001874C1 /* Debug */,
				29A0C6262ECBB1E1001874C1 /* Release */,
			);
			defaultConfigurationIsVisible = 0;
			defaultConfigurationName = Release;
		};
		29A0C6222ECBB1E1001874C1 /* Build configuration list for PBXNativeTarget "FitQuest" */ = {
			isa = XCConfigurationList;
			buildConfigurations = (
				29A0C6232ECBB1E1001874C1 /* Debug */,
				29A0C6242ECBB1E1001874C1 /* Release */,
			);
			defaultConfigurationIsVisible = 0;
			defaultConfigurationName = Release;
		};
		29A0C6272ECBB1E1001874C1 /* Build configuration list for PBXNativeTarget "FitQuestTests" */ = {
			isa = XCConfigurationList;
			buildConfigurations = (
				29A0C6282ECBB1E1001874C1 /* Debug */,
				29A0C6292ECBB1E1001874C1 /* Release */,
			);
			defaultConfigurationIsVisible = 0;
			defaultConfigurationName = Release;
		};
		29A0C62A2ECBB1E1001874C1 /* Build configuration list for PBXNativeTarget "FitQuestUITests" */ = {
			isa = XCConfigurationList;
			buildConfigurations = (
				29A0C62B2ECBB1E1001874C1 /* Debug */,
				29A0C62C2ECBB1E1001874C1 /* Release */,
			);
			defaultConfigurationIsVisible = 0;
			defaultConfigurationName = Release;
		};
/* End XCConfigurationList section */
	};
	rootObject = 29A0C5F12ECBB1DF001874C1 /* Project object */;
}
